
Microsoft Visual Studio Solution File, Format Version 12.00
# Visual Studio Version 17
VisualStudioVersion = 17.0.31903.59
MinimumVisualStudioVersion = 10.0.40219.1
Project("{2150E333-8FDC-42A3-9474-1A3956D46DE8}") = "src", "src", "{827E0CD3-B72D-47B6-A68D-7590B98EB39B}"
EndProject
Project("{FAE04EC0-301F-11D3-BF4B-00C04F79EFBC}") = "SharedKernel", "src\SharedKernel\SharedKernel.csproj", "{A85A1D4F-46C9-432D-ACA6-65ED26B6FD42}"
EndProject
Project("{FAE04EC0-301F-11D3-BF4B-00C04F79EFBC}") = "UserAuthService", "src\UserAuthService\UserAuthService.csproj", "{5141E657-1EDC-493C-BD1B-0EFB0989386B}"
EndProject
Project("{FAE04EC0-301F-11D3-BF4B-00C04F79EFBC}") = "AccountsService", "src\AccountsService\AccountsService.csproj", "{E152B3CF-DFCA-4659-9A9E-516E9F5A549E}"
EndProject
Project("{FAE04EC0-301F-11D3-BF4B-00C04F79EFBC}") = "TransactionsService", "src\TransactionsService\TransactionsService.csproj", "{4F18A38D-6145-4E27-8A73-3D4CEC830F14}"
EndProject
Project("{FAE04EC0-301F-11D3-BF4B-00C04F79EFBC}") = "BudgetingService", "src\BudgetingService\BudgetingService.csproj", "{620258A4-9676-4F7B-9771-940AF0961FF7}"
EndProject
Project("{FAE04EC0-301F-11D3-BF4B-00C04F79EFBC}") = "AnalyticsService", "src\AnalyticsService\AnalyticsService.csproj", "{905319CA-8900-4C34-88CB-807191BD3348}"
EndProject
Project("{FAE04EC0-301F-11D3-BF4B-00C04F79EFBC}") = "AppHost", "src\AppHost\AppHost.csproj", "{2B203C84-E72D-4874-9F6C-3135A9EBCA42}"
EndProject
Global
	GlobalSection(SolutionConfigurationPlatforms) = preSolution
		Debug|Any CPU = Debug|Any CPU
		Debug|x64 = Debug|x64
		Debug|x86 = Debug|x86
		Release|Any CPU = Release|Any CPU
		Release|x64 = Release|x64
		Release|x86 = Release|x86
	EndGlobalSection
	GlobalSection(ProjectConfigurationPlatforms) = postSolution
		{A85A1D4F-46C9-432D-ACA6-65ED26B6FD42}.Debug|Any CPU.ActiveCfg = Debug|Any CPU
		{A85A1D4F-46C9-432D-ACA6-65ED26B6FD42}.Debug|Any CPU.Build.0 = Debug|Any CPU
		{A85A1D4F-46C9-432D-ACA6-65ED26B6FD42}.Debug|x64.ActiveCfg = Debug|Any CPU
		{A85A1D4F-46C9-432D-ACA6-65ED26B6FD42}.Debug|x64.Build.0 = Debug|Any CPU
		{A85A1D4F-46C9-432D-ACA6-65ED26B6FD42}.Debug|x86.ActiveCfg = Debug|Any CPU
		{A85A1D4F-46C9-432D-ACA6-65ED26B6FD42}.Debug|x86.Build.0 = Debug|Any CPU
		{A85A1D4F-46C9-432D-ACA6-65ED26B6FD42}.Release|Any CPU.ActiveCfg = Release|Any CPU
		{A85A1D4F-46C9-432D-ACA6-65ED26B6FD42}.Release|Any CPU.Build.0 = Release|Any CPU
		{A85A1D4F-46C9-432D-ACA6-65ED26B6FD42}.Release|x64.ActiveCfg = Release|Any CPU
		{A85A1D4F-46C9-432D-ACA6-65ED26B6FD42}.Release|x64.Build.0 = Release|Any CPU
		{A85A1D4F-46C9-432D-ACA6-65ED26B6FD42}.Release|x86.ActiveCfg = Release|Any CPU
		{A85A1D4F-46C9-432D-ACA6-65ED26B6FD42}.Release|x86.Build.0 = Release|Any CPU
		{5141E657-1EDC-493C-BD1B-0EFB0989386B}.Debug|Any CPU.ActiveCfg = Debug|Any CPU
		{5141E657-1EDC-493C-BD1B-0EFB0989386B}.Debug|Any CPU.Build.0 = Debug|Any CPU
		{5141E657-1EDC-493C-BD1B-0EFB0989386B}.Debug|x64.ActiveCfg = Debug|Any CPU
		{5141E657-1EDC-493C-BD1B-0EFB0989386B}.Debug|x64.Build.0 = Debug|Any CPU
		{5141E657-1EDC-493C-BD1B-0EFB0989386B}.Debug|x86.ActiveCfg = Debug|Any CPU
		{5141E657-1EDC-493C-BD1B-0EFB0989386B}.Debug|x86.Build.0 = Debug|Any CPU
		{5141E657-1EDC-493C-BD1B-0EFB0989386B}.Release|Any CPU.ActiveCfg = Release|Any CPU
		{5141E657-1EDC-493C-BD1B-0EFB0989386B}.Release|Any CPU.Build.0 = Release|Any CPU
		{5141E657-1EDC-493C-BD1B-0EFB0989386B}.Release|x64.ActiveCfg = Release|Any CPU
		{5141E657-1EDC-493C-BD1B-0EFB0989386B}.Release|x64.Build.0 = Release|Any CPU
		{5141E657-1EDC-493C-BD1B-0EFB0989386B}.Release|x86.ActiveCfg = Release|Any CPU
		{5141E657-1EDC-493C-BD1B-0EFB0989386B}.Release|x86.Build.0 = Release|Any CPU
		{E152B3CF-DFCA-4659-9A9E-516E9F5A549E}.Debug|Any CPU.ActiveCfg = Debug|Any CPU
		{E152B3CF-DFCA-4659-9A9E-516E9F5A549E}.Debug|Any CPU.Build.0 = Debug|Any CPU
		{E152B3CF-DFCA-4659-9A9E-516E9F5A549E}.Debug|x64.ActiveCfg = Debug|Any CPU
		{E152B3CF-DFCA-4659-9A9E-516E9F5A549E}.Debug|x64.Build.0 = Debug|Any CPU
		{E152B3CF-DFCA-4659-9A9E-516E9F5A549E}.Debug|x86.ActiveCfg = Debug|Any CPU
		{E152B3CF-DFCA-4659-9A9E-516E9F5A549E}.Debug|x86.Build.0 = Debug|Any CPU
		{E152B3CF-DFCA-4659-9A9E-516E9F5A549E}.Release|Any CPU.ActiveCfg = Release|Any CPU
		{E152B3CF-DFCA-4659-9A9E-516E9F5A549E}.Release|Any CPU.Build.0 = Release|Any CPU
		{E152B3CF-DFCA-4659-9A9E-516E9F5A549E}.Release|x64.ActiveCfg = Release|Any CPU
		{E152B3CF-DFCA-4659-9A9E-516E9F5A549E}.Release|x64.Build.0 = Release|Any CPU
		{E152B3CF-DFCA-4659-9A9E-516E9F5A549E}.Release|x86.ActiveCfg = Release|Any CPU
		{E152B3CF-DFCA-4659-9A9E-516E9F5A549E}.Release|x86.Build.0 = Release|Any CPU
		{4F18A38D-6145-4E27-8A73-3D4CEC830F14}.Debug|Any CPU.ActiveCfg = Debug|Any CPU
		{4F18A38D-6145-4E27-8A73-3D4CEC830F14}.Debug|Any CPU.Build.0 = Debug|Any CPU
		{4F18A38D-6145-4E27-8A73-3D4CEC830F14}.Debug|x64.ActiveCfg = Debug|Any CPU
		{4F18A38D-6145-4E27-8A73-3D4CEC830F14}.Debug|x64.Build.0 = Debug|Any CPU
		{4F18A38D-6145-4E27-8A73-3D4CEC830F14}.Debug|x86.ActiveCfg = Debug|Any CPU
		{4F18A38D-6145-4E27-8A73-3D4CEC830F14}.Debug|x86.Build.0 = Debug|Any CPU
		{4F18A38D-6145-4E27-8A73-3D4CEC830F14}.Release|Any CPU.ActiveCfg = Release|Any CPU
		{4F18A38D-6145-4E27-8A73-3D4CEC830F14}.Release|Any CPU.Build.0 = Release|Any CPU
		{4F18A38D-6145-4E27-8A73-3D4CEC830F14}.Release|x64.ActiveCfg = Release|Any CPU
		{4F18A38D-6145-4E27-8A73-3D4CEC830F14}.Release|x64.Build.0 = Release|Any CPU
		{4F18A38D-6145-4E27-8A73-3D4CEC830F14}.Release|x86.ActiveCfg = Release|Any CPU
		{4F18A38D-6145-4E27-8A73-3D4CEC830F14}.Release|x86.Build.0 = Release|Any CPU
		{620258A4-9676-4F7B-9771-940AF0961FF7}.Debug|Any CPU.ActiveCfg = Debug|Any CPU
		{620258A4-9676-4F7B-9771-940AF0961FF7}.Debug|Any CPU.Build.0 = Debug|Any CPU
		{620258A4-9676-4F7B-9771-940AF0961FF7}.Debug|x64.ActiveCfg = Debug|Any CPU
		{620258A4-9676-4F7B-9771-940AF0961FF7}.Debug|x64.Build.0 = Debug|Any CPU
		{620258A4-9676-4F7B-9771-940AF0961FF7}.Debug|x86.ActiveCfg = Debug|Any CPU
		{620258A4-9676-4F7B-9771-940AF0961FF7}.Debug|x86.Build.0 = Debug|Any CPU
		{620258A4-9676-4F7B-9771-940AF0961FF7}.Release|Any CPU.ActiveCfg = Release|Any CPU
		{620258A4-9676-4F7B-9771-940AF0961FF7}.Release|Any CPU.Build.0 = Release|Any CPU
		{620258A4-9676-4F7B-9771-940AF0961FF7}.Release|x64.ActiveCfg = Release|Any CPU
		{620258A4-9676-4F7B-9771-940AF0961FF7}.Release|x64.Build.0 = Release|Any CPU
		{620258A4-9676-4F7B-9771-940AF0961FF7}.Release|x86.ActiveCfg = Release|Any CPU
		{620258A4-9676-4F7B-9771-940AF0961FF7}.Release|x86.Build.0 = Release|Any CPU
		{905319CA-8900-4C34-88CB-807191BD3348}.Debug|Any CPU.ActiveCfg = Debug|Any CPU
		{905319CA-8900-4C34-88CB-807191BD3348}.Debug|Any CPU.Build.0 = Debug|Any CPU
		{905319CA-8900-4C34-88CB-807191BD3348}.Debug|x64.ActiveCfg = Debug|Any CPU
		{905319CA-8900-4C34-88CB-807191BD3348}.Debug|x64.Build.0 = Debug|Any CPU
		{905319CA-8900-4C34-88CB-807191BD3348}.Debug|x86.ActiveCfg = Debug|Any CPU
		{905319CA-8900-4C34-88CB-807191BD3348}.Debug|x86.Build.0 = Debug|Any CPU
		{905319CA-8900-4C34-88CB-807191BD3348}.Release|Any CPU.ActiveCfg = Release|Any CPU
		{905319CA-8900-4C34-88CB-807191BD3348}.Release|Any CPU.Build.0 = Release|Any CPU
		{905319CA-8900-4C34-88CB-807191BD3348}.Release|x64.ActiveCfg = Release|Any CPU
		{905319CA-8900-4C34-88CB-807191BD3348}.Release|x64.Build.0 = Release|Any CPU
		{905319CA-8900-4C34-88CB-807191BD3348}.Release|x86.ActiveCfg = Release|Any CPU
		{905319CA-8900-4C34-88CB-807191BD3348}.Release|x86.Build.0 = Release|Any CPU
		{2B203C84-E72D-4874-9F6C-3135A9EBCA42}.Debug|Any CPU.ActiveCfg = Debug|Any CPU
		{2B203C84-E72D-4874-9F6C-3135A9EBCA42}.Debug|Any CPU.Build.0 = Debug|Any CPU
		{2B203C84-E72D-4874-9F6C-3135A9EBCA42}.Debug|x64.ActiveCfg = Debug|Any CPU
		{2B203C84-E72D-4874-9F6C-3135A9EBCA42}.Debug|x64.Build.0 = Debug|Any CPU
		{2B203C84-E72D-4874-9F6C-3135A9EBCA42}.Debug|x86.ActiveCfg = Debug|Any CPU
		{2B203C84-E72D-4874-9F6C-3135A9EBCA42}.Debug|x86.Build.0 = Debug|Any CPU
		{2B203C84-E72D-4874-9F6C-3135A9EBCA42}.Release|Any CPU.ActiveCfg = Release|Any CPU
		{2B203C84-E72D-4874-9F6C-3135A9EBCA42}.Release|Any CPU.Build.0 = Release|Any CPU
		{2B203C84-E72D-4874-9F6C-3135A9EBCA42}.Release|x64.ActiveCfg = Release|Any CPU
		{2B203C84-E72D-4874-9F6C-3135A9EBCA42}.Release|x64.Build.0 = Release|Any CPU
		{2B203C84-E72D-4874-9F6C-3135A9EBCA42}.Release|x86.ActiveCfg = Release|Any CPU
		{2B203C84-E72D-4874-9F6C-3135A9EBCA42}.Release|x86.Build.0 = Release|Any CPU
	EndGlobalSection
	GlobalSection(SolutionProperties) = preSolution
		HideSolutionNode = FALSE
	EndGlobalSection
	GlobalSection(NestedProjects) = preSolution
		{A85A1D4F-46C9-432D-ACA6-65ED26B6FD42} = {827E0CD3-B72D-47B6-A68D-7590B98EB39B}
		{5141E657-1EDC-493C-BD1B-0EFB0989386B} = {827E0CD3-B72D-47B6-A68D-7590B98EB39B}
		{E152B3CF-DFCA-4659-9A9E-516E9F5A549E} = {827E0CD3-B72D-47B6-A68D-7590B98EB39B}
		{4F18A38D-6145-4E27-8A73-3D4CEC830F14} = {827E0CD3-B72D-47B6-A68D-7590B98EB39B}
		{620258A4-9676-4F7B-9771-940AF0961FF7} = {827E0CD3-B72D-47B6-A68D-7590B98EB39B}
		{905319CA-8900-4C34-88CB-807191BD3348} = {827E0CD3-B72D-47B6-A68D-7590B98EB39B}
		{2B203C84-E72D-4874-9F6C-3135A9EBCA42} = {827E0CD3-B72D-47B6-A68D-7590B98EB39B}
	EndGlobalSection
EndGlobal
